
Microsoft Visual Studio Solution File, Format Version 12.00
# Visual Studio Version 16
VisualStudioVersion = 16.0.31702.278
MinimumVisualStudioVersion = 10.0.40219.1
Project("{FAE04EC0-301F-11D3-BF4B-00C04F79EFBC}") = "WPFapp", "WPFapp\WPFapp.csproj", "{D621EA22-2517-4ACC-94EB-2776C843CD66}"
EndProject
Project("{FAE04EC0-301F-11D3-BF4B-00C04F79EFBC}") = "LibreriaClases", "LibreriaClases\LibreriaClases.csproj", "{506C7FEB-EA79-437F-B53C-B7402D283B74}"
EndProject
Global
	GlobalSection(SolutionConfigurationPlatforms) = preSolution
		Debug|Any CPU = Debug|Any CPU
		Release|Any CPU = Release|Any CPU
	EndGlobalSection
	GlobalSection(ProjectConfigurationPlatforms) = postSolution
		{D621EA22-2517-4ACC-94EB-2776C843CD66}.Debug|Any CPU.ActiveCfg = Debug|Any CPU
		{D621EA22-2517-4ACC-94EB-2776C843CD66}.Debug|Any CPU.Build.0 = Debug|Any CPU
		{D621EA22-2517-4ACC-94EB-2776C843CD66}.Release|Any CPU.ActiveCfg = Release|Any CPU
		{D621EA22-2517-4ACC-94EB-2776C843CD66}.Release|Any CPU.Build.0 = Release|Any CPU
		{506C7FEB-EA79-437F-B53C-B7402D283B74}.Debug|Any CPU.ActiveCfg = Debug|Any CPU
		{506C7FEB-EA79-437F-B53C-B7402D283B74}.Debug|Any CPU.Build.0 = Debug|Any CPU
		{506C7FEB-EA79-437F-B53C-B7402D283B74}.Release|Any CPU.ActiveCfg = Release|Any CPU
		{506C7FEB-EA79-437F-B53C-B7402D283B74}.Release|Any CPU.Build.0 = Release|Any CPU
	EndGlobalSection
	GlobalSection(SolutionProperties) = preSolution
		HideSolutionNode = FALSE
	EndGlobalSection
	GlobalSection(ExtensibilityGlobals) = postSolution
		SolutionGuid = {56EAE7F8-8676-49D0-BE73-79B23749F17C}
	EndGlobalSection
EndGlobal
